schema: '2.0'
stages:
  load_datasets:
    cmd: python source/load_datasets.py
    deps:
    - path: source/load_datasets.py
      hash: md5
      md5: 465e349f4f7eb256d15bf94aa6837074
      size: 3071
    params:
      params.yaml:
        dataset.subset: HSN
        paths.noise_data: data/${dataset.subset}/noise
        paths.raw_data: data/${dataset.subset}/raw
        paths.raw_data_metadata: 
          data/${dataset.subset}/stage_results/raw_data_metadata.json
        paths.test_data: data/${dataset.subset}/test
    outs:
    - path: data/HSN/noise
      hash: md5
      md5: 881b2c613541750f043ef42cca5116fa.dir
      size: 2072421
      nfiles: 3
    - path: data/HSN/stage_results/raw_data_metadata.json
      hash: md5
      md5: 33dacc6438d8430b2d54ba7ef66132d9
      size: 3978
    - path: data/HSN/test
      hash: md5
      md5: 54eb01a0be291dead97bf76b87efac1a.dir
      size: 2081973
      nfiles: 3
  separate_audio:
    cmd: python source/separate_audio.py
    deps:
    - path: data/HSN/stage_results/raw_data_metadata.json
      hash: md5
      md5: 33dacc6438d8430b2d54ba7ef66132d9
      size: 3978
    - path: source/integrations/bird_mixit/source_separation.py
      hash: md5
      md5: c90bb775227a6fa2f8c0cb4eb1a7c2f5
      size: 13912
    - path: source/modules/dataset.py
      hash: md5
      md5: 300bd4f33330cf8f3286539a63bbd329
      size: 23963
    - path: source/separate_audio.py
      hash: md5
      md5: 8fdb669c3defdc9860c40699376a1eee
      size: 4809
    params:
      params.yaml:
        paths.raw_data: data/${dataset.subset}/raw
        paths.source_separation_metadata: 
          data/${dataset.subset}/stage_results/source_separation_metadata.json
        source_separation:
          model_dir: resources/bird_mixit_model_checkpoints/output_sources4
          checkpoint: 
            resources/bird_mixit_model_checkpoints/output_sources4/model.ckpt-3223090
          sampling_rate: 22050
          max_duration_s: 30
          cpu_percentage: 0.8
          gb_per_worker: 1
    outs:
    - path: data/HSN/stage_results/source_separation_metadata.json
      hash: md5
      md5: cd15b29143c01e26a838149869fb523f
      size: 726
  analyze_audio:
    cmd: conda run --no-capture-output -n birdnetlib python 
      source/analyze_audio.py
    deps:
    - path: data/HSN/stage_results/source_separation_metadata.json
      hash: md5
      md5: cd15b29143c01e26a838149869fb523f
      size: 726
    - path: source/analyze_audio.py
      hash: md5
      md5: d41fd994fd077a404c418e61f24288f3
      size: 3809
    - path: source/integrations/birdnetlib/analyze.py
      hash: md5
      md5: c44725590eff6a4baf09869b0766b318
      size: 4849
    - path: source/modules/dataset.py
      hash: md5
      md5: 300bd4f33330cf8f3286539a63bbd329
      size: 23963
    params:
      params.yaml:
        analysis:
          sampling_rate: 48000
        dataset.subset: HSN
        paths.analysis_metadata: 
          data/${dataset.subset}/stage_results/analysis_metadata.json
        paths.raw_data: data/${dataset.subset}/raw
    outs:
    - path: data/HSN/raw
      hash: md5
      md5: 7c8f0df4c33ee117eac1ca96e2f49278.dir
      size: 377002051
      nfiles: 28
    - path: data/HSN/stage_results/analysis_metadata.json
      hash: md5
      md5: 98f18a9f45a395befefea0abb1067e72
      size: 724
  segment_audio:
    cmd: python source/segment_audio.py
    deps:
    - path: data/HSN/stage_results/analysis_metadata.json
      hash: md5
      md5: 98f18a9f45a395befefea0abb1067e72
      size: 724
    - path: source/integrations/birdnetlib/detections.py
      hash: md5
      md5: 3c0dbd277f7731ed96dfedd64dc488db
      size: 2684
    - path: source/integrations/birdset/utils.py
      hash: md5
      md5: c7a7294ca115b886f81626d3bb6fb641
      size: 4414
    - path: source/modules/dsp.py
      hash: md5
      md5: 699f6cd0ffdacc40f36bf691ea7ebb08
      size: 28127
    - path: source/segment_audio.py
      hash: md5
      md5: 8c8f6de83caddd2912c5e4642db3fcdc
      size: 10312
    params:
      params.yaml:
        dataset.subset: HSN
        paths.raw_data: data/${dataset.subset}/raw
        paths.segmented_data: data/${dataset.subset}/segmented
        segmentation:
          segment_length_in_s: 5
    outs:
    - path: data/HSN/segmented
      hash: md5
      md5: 503d1c99e48c4a076a86d74f551ebf03.dir
      size: 40602135
      nfiles: 5
  mix_audio:
    cmd: python source/mix_audio.py
    deps:
    - path: data/HSN/noise
      hash: md5
      md5: 4de51f034076f9ce08201c59bbe2d01c.dir
      size: 2073269
      nfiles: 4
    - path: data/HSN/segmented
      hash: md5
      md5: e0694b952af6a279f1fbf0d2b60979b2.dir
      size: 40612535
      nfiles: 20
    - path: source/mix_audio.py
      hash: md5
      md5: 70004dab098435275b41757f0974681e
      size: 24145
    - path: source/modules/dataset.py
      hash: md5
      md5: 300bd4f33330cf8f3286539a63bbd329
      size: 23963
    - path: source/modules/dsp.py
      hash: md5
      md5: 699f6cd0ffdacc40f36bf691ea7ebb08
      size: 28127
    - path: source/modules/utils.py
      hash: md5
      md5: 3ad1ff008e642b50e5a2c71889c888ca
      size: 4431
    params:
      params.yaml:
        dataset.subset: HSN
        mix:
          max_polyphony_degree: 6
          num_iterations: 5
          max_time_shift_ratio: 0.2
          signal_levels:
          - -12
          - -11
          - -10
          - -9
          - -8
          - -7
          - -6
          - -5
          - -4
          - -3
          - -2
          - -1
          - 0
          snr_values:
          - -12
          - -11
          - -10
          - -9
          - -8
          - -7
          - -6
          - -5
          - -4
          - -3
          - -2
          - -1
          - 0
          - 1
          - 2
          - 3
          - 4
          - 5
          - 6
          - 7
          - 8
          - 9
          - 10
          - 11
          - 12
          mix_levels:
          - -12
          - -11
          - -10
          - -9
          - -8
          - -7
          - -6
          balance_dataset: false
        paths.noise_data: data/${dataset.subset}/noise
        paths.polyphonic_data: data/${dataset.subset}/polyphonic
        random.random_seed: 42
    outs:
    - path: data/HSN/polyphonic
      hash: md5
      md5: 2dea4396cb6173904732ef93d1b4d659.dir
      size: 11691724
      nfiles: 10
  upload_dataset:
    cmd: python source/upload_dataset.py
    deps:
    - path: data/HSN/polyphonic
      hash: md5
      md5: 2dea4396cb6173904732ef93d1b4d659.dir
      size: 11691724
      nfiles: 10
    - path: data/HSN/segmented
      hash: md5
      md5: e0694b952af6a279f1fbf0d2b60979b2.dir
      size: 40612535
      nfiles: 20
    - path: source/modules/dsp.py
      hash: md5
      md5: 699f6cd0ffdacc40f36bf691ea7ebb08
      size: 28127
    - path: source/upload_dataset.py
      hash: md5
      md5: 8261c2ec1aebf261fd7f7630a90d9342
      size: 1788
    params:
      params.yaml:
        dataset.subset: HSN
        paths.polyphonic_data: data/${dataset.subset}/polyphonic
        paths.segmented_data: data/${dataset.subset}/segmented
        upload:
          huggingface_user: mcht67
          huggingface_dataset_name: PolyphonicBirdSet
